
Microsoft Visual Studio Solution File, Format Version 12.00
# Visual Studio Version 16
VisualStudioVersion = 16.0.29519.181
MinimumVisualStudioVersion = 10.0.40219.1
Project("{9A19103F-16F7-4668-BE54-9A1E7A4F7556}") = "Task1", "Task1\Task1.csproj", "{A60D3EEE-D281-490F-8BE5-4F066D905194}"
EndProject
Project("{9A19103F-16F7-4668-BE54-9A1E7A4F7556}") = "Task1.Tests", "Task1.Tests\Task1.Tests.csproj", "{F08FEF50-8368-41BE-B3EF-6C3D02B54C7E}"
EndProject
Project("{9A19103F-16F7-4668-BE54-9A1E7A4F7556}") = "Task2", "Task2\Task2.csproj", "{C2A7FA05-8C7D-488F-ADFB-11D92C520F5E}"
EndProject
Project("{FAE04EC0-301F-11D3-BF4B-00C04F79EFBC}") = "Task2.Tests", "Task2.Tests\Task2.Tests.csproj", "{6E8EBFB1-D63E-46A5-A0B3-7DF7D5B30CC9}"
EndProject
Global
	GlobalSection(SolutionConfigurationPlatforms) = preSolution
		Debug|Any CPU = Debug|Any CPU
		Release|Any CPU = Release|Any CPU
	EndGlobalSection
	GlobalSection(ProjectConfigurationPlatforms) = postSolution
		{A60D3EEE-D281-490F-8BE5-4F066D905194}.Debug|Any CPU.ActiveCfg = Debug|Any CPU
		{A60D3EEE-D281-490F-8BE5-4F066D905194}.Debug|Any CPU.Build.0 = Debug|Any CPU
		{A60D3EEE-D281-490F-8BE5-4F066D905194}.Release|Any CPU.ActiveCfg = Release|Any CPU
		{A60D3EEE-D281-490F-8BE5-4F066D905194}.Release|Any CPU.Build.0 = Release|Any CPU
		{F08FEF50-8368-41BE-B3EF-6C3D02B54C7E}.Debug|Any CPU.ActiveCfg = Debug|Any CPU
		{F08FEF50-8368-41BE-B3EF-6C3D02B54C7E}.Debug|Any CPU.Build.0 = Debug|Any CPU
		{F08FEF50-8368-41BE-B3EF-6C3D02B54C7E}.Release|Any CPU.ActiveCfg = Release|Any CPU
		{F08FEF50-8368-41BE-B3EF-6C3D02B54C7E}.Release|Any CPU.Build.0 = Release|Any CPU
		{C2A7FA05-8C7D-488F-ADFB-11D92C520F5E}.Debug|Any CPU.ActiveCfg = Debug|Any CPU
		{C2A7FA05-8C7D-488F-ADFB-11D92C520F5E}.Debug|Any CPU.Build.0 = Debug|Any CPU
		{C2A7FA05-8C7D-488F-ADFB-11D92C520F5E}.Release|Any CPU.ActiveCfg = Release|Any CPU
		{C2A7FA05-8C7D-488F-ADFB-11D92C520F5E}.Release|Any CPU.Build.0 = Release|Any CPU
		{6E8EBFB1-D63E-46A5-A0B3-7DF7D5B30CC9}.Debug|Any CPU.ActiveCfg = Debug|Any CPU
		{6E8EBFB1-D63E-46A5-A0B3-7DF7D5B30CC9}.Debug|Any CPU.Build.0 = Debug|Any CPU
		{6E8EBFB1-D63E-46A5-A0B3-7DF7D5B30CC9}.Release|Any CPU.ActiveCfg = Release|Any CPU
		{6E8EBFB1-D63E-46A5-A0B3-7DF7D5B30CC9}.Release|Any CPU.Build.0 = Release|Any CPU
	EndGlobalSection
	GlobalSection(SolutionProperties) = preSolution
		HideSolutionNode = FALSE
	EndGlobalSection
	GlobalSection(ExtensibilityGlobals) = postSolution
		SolutionGuid = {36397CFB-2938-4CAC-AED2-5966D934A8EC}
	EndGlobalSection
EndGlobal
